
Microsoft Visual Studio Solution File, Format Version 12.00
# Visual Studio Version 17
VisualStudioVersion = 17.11.35303.130
MinimumVisualStudioVersion = 10.0.40219.1
Project("{FAE04EC0-301F-11D3-BF4B-00C04F79EFBC}") = "NCKU_hw6-1", "NCKU_hw6-1\NCKU_hw6-1.csproj", "{7514575B-CBE3-49D9-A11F-30BCE1874441}"
EndProject
Global
	GlobalSection(SolutionConfigurationPlatforms) = preSolution
		Debug|Any CPU = Debug|Any CPU
		Release|Any CPU = Release|Any CPU
	EndGlobalSection
	GlobalSection(ProjectConfigurationPlatforms) = postSolution
		{7514575B-CBE3-49D9-A11F-30BCE1874441}.Debug|Any CPU.ActiveCfg = Debug|Any CPU
		{7514575B-CBE3-49D9-A11F-30BCE1874441}.Debug|Any CPU.Build.0 = Debug|Any CPU
		{7514575B-CBE3-49D9-A11F-30BCE1874441}.Release|Any CPU.ActiveCfg = Release|Any CPU
		{7514575B-CBE3-49D9-A11F-30BCE1874441}.Release|Any CPU.Build.0 = Release|Any CPU
	EndGlobalSection
	GlobalSection(SolutionProperties) = preSolution
		HideSolutionNode = FALSE
	EndGlobalSection
	GlobalSection(ExtensibilityGlobals) = postSolution
		SolutionGuid = {50A6FA50-DD65-4B03-9ECB-BD75452FE8CD}
	EndGlobalSection
EndGlobal
