
Microsoft Visual Studio Solution File, Format Version 12.00
# Visual Studio Version 17
VisualStudioVersion = 17.11.35303.130
MinimumVisualStudioVersion = 10.0.40219.1
Project("{FAE04EC0-301F-11D3-BF4B-00C04F79EFBC}") = "WindowsFormsApp3", "WindowsFormsApp3\WindowsFormsApp3.csproj", "{FA299C66-730B-4E83-8CA9-D70E87493D02}"
EndProject
Global
	GlobalSection(SolutionConfigurationPlatforms) = preSolution
		Debug|Any CPU = Debug|Any CPU
		Release|Any CPU = Release|Any CPU
	EndGlobalSection
	GlobalSection(ProjectConfigurationPlatforms) = postSolution
		{FA299C66-730B-4E83-8CA9-D70E87493D02}.Debug|Any CPU.ActiveCfg = Debug|Any CPU
		{FA299C66-730B-4E83-8CA9-D70E87493D02}.Debug|Any CPU.Build.0 = Debug|Any CPU
		{FA299C66-730B-4E83-8CA9-D70E87493D02}.Release|Any CPU.ActiveCfg = Release|Any CPU
		{FA299C66-730B-4E83-8CA9-D70E87493D02}.Release|Any CPU.Build.0 = Release|Any CPU
	EndGlobalSection
	GlobalSection(SolutionProperties) = preSolution
		HideSolutionNode = FALSE
	EndGlobalSection
	GlobalSection(ExtensibilityGlobals) = postSolution
		SolutionGuid = {88B106CA-0FEA-4281-9AFF-1415B50988CF}
	EndGlobalSection
EndGlobal
